// !$*UTF8*$!
{
	archiveVersion = 1;
	classes = {
	};
	objectVersion = 56;
	objects = {

/* Begin PBXBuildFile section */
		C988E8782B16D3CA00CDD650 /* HomeScreenViewBackup.swift in Sources */ = {isa = PBXBuildFile; fileRef = C988E8772B16D3CA00CDD650 /* HomeScreenViewBackup.swift */; };
		C988E87A2B16D41400CDD650 /* HomeViewModel.swift in Sources */ = {isa = PBXBuildFile; fileRef = C988E8792B16D41400CDD650 /* HomeViewModel.swift */; };
		C988E87D2B171B8B00CDD650 /* WebView.swift in Sources */ = {isa = PBXBuildFile; fileRef = C988E87C2B171B8B00CDD650 /* WebView.swift */; };
		C991B04B2B1ED5F900B21CFE /* CarouselItem.swift in Sources */ = {isa = PBXBuildFile; fileRef = C991B04A2B1ED5F900B21CFE /* CarouselItem.swift */; };
		C9A224892B19CEC3007CEAA5 /* LandmarkRow.swift in Sources */ = {isa = PBXBuildFile; fileRef = C9A224882B19CEC3007CEAA5 /* LandmarkRow.swift */; };
		C9C720512B0F0E0100B5AABA /* NetworkHome.swift in Sources */ = {isa = PBXBuildFile; fileRef = C9C720502B0F0E0100B5AABA /* NetworkHome.swift */; };
		C9C7B1092B0DC88A00CE2C2D /* iknApp.swift in Sources */ = {isa = PBXBuildFile; fileRef = C9C7B1082B0DC88A00CE2C2D /* iknApp.swift */; };
		C9C7B10B2B0DC88A00CE2C2D /* ContentView.swift in Sources */ = {isa = PBXBuildFile; fileRef = C9C7B10A2B0DC88A00CE2C2D /* ContentView.swift */; };
		C9C7B10D2B0DC88C00CE2C2D /* Assets.xcassets in Resources */ = {isa = PBXBuildFile; fileRef = C9C7B10C2B0DC88C00CE2C2D /* Assets.xcassets */; };
		C9C7B1102B0DC88C00CE2C2D /* Preview Assets.xcassets in Resources */ = {isa = PBXBuildFile; fileRef = C9C7B10F2B0DC88C00CE2C2D /* Preview Assets.xcassets */; };
		C9C7B1192B0DC90600CE2C2D /* SplashScreenView.swift in Sources */ = {isa = PBXBuildFile; fileRef = C9C7B1182B0DC90600CE2C2D /* SplashScreenView.swift */; };
		C9C7B11B2B0DE11B00CE2C2D /* MenuItemModel.swift in Sources */ = {isa = PBXBuildFile; fileRef = C9C7B11A2B0DE11B00CE2C2D /* MenuItemModel.swift */; };
		C9C7B11D2B0DE18300CE2C2D /* DashboardView.swift in Sources */ = {isa = PBXBuildFile; fileRef = C9C7B11C2B0DE18300CE2C2D /* DashboardView.swift */; };
		C9E88DC02B299072000B2865 /* HealthUiView.swift in Sources */ = {isa = PBXBuildFile; fileRef = C9E88DBF2B299072000B2865 /* HealthUiView.swift */; };
		C9E88DC22B2994A4000B2865 /* HealthViewModel.swift in Sources */ = {isa = PBXBuildFile; fileRef = C9E88DC12B2994A4000B2865 /* HealthViewModel.swift */; };
		C9E88DC42B299EEC000B2865 /* HealthsResponse.swift in Sources */ = {isa = PBXBuildFile; fileRef = C9E88DC32B299EEC000B2865 /* HealthsResponse.swift */; };
		C9E88DC62B299F1A000B2865 /* HealthCategory.swift in Sources */ = {isa = PBXBuildFile; fileRef = C9E88DC52B299F1A000B2865 /* HealthCategory.swift */; };
		C9E88DCA2B29AC90000B2865 /* HealthHeaderUIView.swift in Sources */ = {isa = PBXBuildFile; fileRef = C9E88DC92B29AC90000B2865 /* HealthHeaderUIView.swift */; };
		C9E88DCC2B29ACEC000B2865 /* HeathCategoryUiView.swift in Sources */ = {isa = PBXBuildFile; fileRef = C9E88DCB2B29ACEC000B2865 /* HeathCategoryUiView.swift */; };
		C9E88DCE2B29ADC5000B2865 /* HealtListUIView.swift in Sources */ = {isa = PBXBuildFile; fileRef = C9E88DCD2B29ADC5000B2865 /* HealtListUIView.swift */; };
		F71E00792B27E8B300CB54B3 /* ContactShortcutUIView.swift in Sources */ = {isa = PBXBuildFile; fileRef = F71E00782B27E8B300CB54B3 /* ContactShortcutUIView.swift */; };
		F71E007B2B27E90E00CB54B3 /* ContactsResponse.swift in Sources */ = {isa = PBXBuildFile; fileRef = F71E007A2B27E90E00CB54B3 /* ContactsResponse.swift */; };
		F71E007E2B27E99200CB54B3 /* ContactCategory.swift in Sources */ = {isa = PBXBuildFile; fileRef = F71E007D2B27E99200CB54B3 /* ContactCategory.swift */; };
		F71E00802B27EF3E00CB54B3 /* ContactsCategoryUIView.swift in Sources */ = {isa = PBXBuildFile; fileRef = F71E007F2B27EF3E00CB54B3 /* ContactsCategoryUIView.swift */; };
		F71E00822B27F3A400CB54B3 /* ContactsListUIView.swift in Sources */ = {isa = PBXBuildFile; fileRef = F71E00812B27F3A400CB54B3 /* ContactsListUIView.swift */; };
		F721DB6B2B26C4A100625D7F /* TncUIView.swift in Sources */ = {isa = PBXBuildFile; fileRef = F721DB6A2B26C4A100625D7F /* TncUIView.swift */; };
		F721DB6D2B26C4B500625D7F /* TncViewModel.swift in Sources */ = {isa = PBXBuildFile; fileRef = F721DB6C2B26C4B500625D7F /* TncViewModel.swift */; };
		F721DB712B26C60000625D7F /* BaseUIView.swift in Sources */ = {isa = PBXBuildFile; fileRef = F721DB702B26C60000625D7F /* BaseUIView.swift */; };
		F721DB732B26E22E00625D7F /* HomeUIView.swift in Sources */ = {isa = PBXBuildFile; fileRef = F721DB722B26E22E00625D7F /* HomeUIView.swift */; };
		F721DB752B26E35600625D7F /* HomeHeaderUIView.swift in Sources */ = {isa = PBXBuildFile; fileRef = F721DB742B26E35600625D7F /* HomeHeaderUIView.swift */; };
		F721DB772B26E6B100625D7F /* HomeMenuUIView.swift in Sources */ = {isa = PBXBuildFile; fileRef = F721DB762B26E6B100625D7F /* HomeMenuUIView.swift */; };
		F721DB792B26ECFD00625D7F /* MenuItemUIView.swift in Sources */ = {isa = PBXBuildFile; fileRef = F721DB782B26ECFD00625D7F /* MenuItemUIView.swift */; };
		F721DB7B2B26F28700625D7F /* DottedSeparatorUIView.swift in Sources */ = {isa = PBXBuildFile; fileRef = F721DB7A2B26F28700625D7F /* DottedSeparatorUIView.swift */; };
		F721DB7D2B26F34F00625D7F /* HomeMainLinkUIView.swift in Sources */ = {isa = PBXBuildFile; fileRef = F721DB7C2B26F34F00625D7F /* HomeMainLinkUIView.swift */; };
		F721DB7F2B26F67700625D7F /* SectionOneUIView.swift in Sources */ = {isa = PBXBuildFile; fileRef = F721DB7E2B26F67700625D7F /* SectionOneUIView.swift */; };
		F721DB812B26F7BC00625D7F /* AppImageUIView.swift in Sources */ = {isa = PBXBuildFile; fileRef = F721DB802B26F7BC00625D7F /* AppImageUIView.swift */; };
		F721DB832B27129300625D7F /* SectionTwoUIView.swift in Sources */ = {isa = PBXBuildFile; fileRef = F721DB822B27129300625D7F /* SectionTwoUIView.swift */; };
		F721DB852B271ED500625D7F /* HomeContactUIView.swift in Sources */ = {isa = PBXBuildFile; fileRef = F721DB842B271ED500625D7F /* HomeContactUIView.swift */; };
		F721DB892B272D2C00625D7F /* HomeSocialMediaUIView.swift in Sources */ = {isa = PBXBuildFile; fileRef = F721DB882B272D2C00625D7F /* HomeSocialMediaUIView.swift */; };
		F721DB8B2B27303100625D7F /* HomeFooterUIView.swift in Sources */ = {isa = PBXBuildFile; fileRef = F721DB8A2B27303100625D7F /* HomeFooterUIView.swift */; };
		F721DB8D2B273C9300625D7F /* TncModel.swift in Sources */ = {isa = PBXBuildFile; fileRef = F721DB8C2B273C9300625D7F /* TncModel.swift */; };
		F721DB8F2B2752BA00625D7F /* ArticlesUIView.swift in Sources */ = {isa = PBXBuildFile; fileRef = F721DB8E2B2752BA00625D7F /* ArticlesUIView.swift */; };
		F721DB912B2752C800625D7F /* ArticlesViewModel.swift in Sources */ = {isa = PBXBuildFile; fileRef = F721DB902B2752C800625D7F /* ArticlesViewModel.swift */; };
		F721DB932B27532100625D7F /* WeatherModel.swift in Sources */ = {isa = PBXBuildFile; fileRef = F721DB922B27532100625D7F /* WeatherModel.swift */; };
		F7489F962B27E6480089B832 /* ContactsHeaderUIView.swift in Sources */ = {isa = PBXBuildFile; fileRef = F7489F952B27E6480089B832 /* ContactsHeaderUIView.swift */; };
		F79B744B2B2770E600A30667 /* AllMenuUIView.swift in Sources */ = {isa = PBXBuildFile; fileRef = F79B744A2B2770E600A30667 /* AllMenuUIView.swift */; };
		F79B744D2B27E33100A30667 /* ContactsUIView.swift in Sources */ = {isa = PBXBuildFile; fileRef = F79B744C2B27E33100A30667 /* ContactsUIView.swift */; };
		F79B744F2B27E34900A30667 /* ContactsViewModel.swift in Sources */ = {isa = PBXBuildFile; fileRef = F79B744E2B27E34900A30667 /* ContactsViewModel.swift */; };
		F7B838D92B29F721009D1869 /* AppRoute.swift in Sources */ = {isa = PBXBuildFile; fileRef = F7B838D82B29F721009D1869 /* AppRoute.swift */; };
		F7B838DB2B2A2083009D1869 /* TestSwiftUIView.swift in Sources */ = {isa = PBXBuildFile; fileRef = F7B838DA2B2A2083009D1869 /* TestSwiftUIView.swift */; };
/* End PBXBuildFile section */

/* Begin PBXFileReference section */
		C988E8772B16D3CA00CDD650 /* HomeScreenViewBackup.swift */ = {isa = PBXFileReference; lastKnownFileType = sourcecode.swift; path = HomeScreenViewBackup.swift; sourceTree = "<group>"; };
		C988E8792B16D41400CDD650 /* HomeViewModel.swift */ = {isa = PBXFileReference; lastKnownFileType = sourcecode.swift; path = HomeViewModel.swift; sourceTree = "<group>"; };
		C988E87C2B171B8B00CDD650 /* WebView.swift */ = {isa = PBXFileReference; lastKnownFileType = sourcecode.swift; path = WebView.swift; sourceTree = "<group>"; };
		C991B04A2B1ED5F900B21CFE /* CarouselItem.swift */ = {isa = PBXFileReference; lastKnownFileType = sourcecode.swift; path = CarouselItem.swift; sourceTree = "<group>"; };
		C9A224882B19CEC3007CEAA5 /* LandmarkRow.swift */ = {isa = PBXFileReference; lastKnownFileType = sourcecode.swift; path = LandmarkRow.swift; sourceTree = "<group>"; };
		C9C720502B0F0E0100B5AABA /* NetworkHome.swift */ = {isa = PBXFileReference; lastKnownFileType = sourcecode.swift; path = NetworkHome.swift; sourceTree = "<group>"; };
		C9C7B1052B0DC88A00CE2C2D /* ikn.app */ = {isa = PBXFileReference; explicitFileType = wrapper.application; includeInIndex = 0; path = ikn.app; sourceTree = BUILT_PRODUCTS_DIR; };
		C9C7B1082B0DC88A00CE2C2D /* iknApp.swift */ = {isa = PBXFileReference; lastKnownFileType = sourcecode.swift; path = iknApp.swift; sourceTree = "<group>"; };
		C9C7B10A2B0DC88A00CE2C2D /* ContentView.swift */ = {isa = PBXFileReference; lastKnownFileType = sourcecode.swift; path = ContentView.swift; sourceTree = "<group>"; };
		C9C7B10C2B0DC88C00CE2C2D /* Assets.xcassets */ = {isa = PBXFileReference; lastKnownFileType = folder.assetcatalog; path = Assets.xcassets; sourceTree = "<group>"; };
		C9C7B10F2B0DC88C00CE2C2D /* Preview Assets.xcassets */ = {isa = PBXFileReference; lastKnownFileType = folder.assetcatalog; path = "Preview Assets.xcassets"; sourceTree = "<group>"; };
		C9C7B1182B0DC90600CE2C2D /* SplashScreenView.swift */ = {isa = PBXFileReference; lastKnownFileType = sourcecode.swift; path = SplashScreenView.swift; sourceTree = "<group>"; };
		C9C7B11A2B0DE11B00CE2C2D /* MenuItemModel.swift */ = {isa = PBXFileReference; lastKnownFileType = sourcecode.swift; path = MenuItemModel.swift; sourceTree = "<group>"; };
		C9C7B11C2B0DE18300CE2C2D /* DashboardView.swift */ = {isa = PBXFileReference; lastKnownFileType = sourcecode.swift; path = DashboardView.swift; sourceTree = "<group>"; };
		C9E88DBF2B299072000B2865 /* HealthUiView.swift */ = {isa = PBXFileReference; lastKnownFileType = sourcecode.swift; path = HealthUiView.swift; sourceTree = "<group>"; };
		C9E88DC12B2994A4000B2865 /* HealthViewModel.swift */ = {isa = PBXFileReference; lastKnownFileType = sourcecode.swift; path = HealthViewModel.swift; sourceTree = "<group>"; };
		C9E88DC32B299EEC000B2865 /* HealthsResponse.swift */ = {isa = PBXFileReference; lastKnownFileType = sourcecode.swift; path = HealthsResponse.swift; sourceTree = "<group>"; };
		C9E88DC52B299F1A000B2865 /* HealthCategory.swift */ = {isa = PBXFileReference; lastKnownFileType = sourcecode.swift; path = HealthCategory.swift; sourceTree = "<group>"; };
		C9E88DC92B29AC90000B2865 /* HealthHeaderUIView.swift */ = {isa = PBXFileReference; lastKnownFileType = sourcecode.swift; path = HealthHeaderUIView.swift; sourceTree = "<group>"; };
		C9E88DCB2B29ACEC000B2865 /* HeathCategoryUiView.swift */ = {isa = PBXFileReference; lastKnownFileType = sourcecode.swift; path = HeathCategoryUiView.swift; sourceTree = "<group>"; };
		C9E88DCD2B29ADC5000B2865 /* HealtListUIView.swift */ = {isa = PBXFileReference; lastKnownFileType = sourcecode.swift; path = HealtListUIView.swift; sourceTree = "<group>"; };
		F71E00782B27E8B300CB54B3 /* ContactShortcutUIView.swift */ = {isa = PBXFileReference; lastKnownFileType = sourcecode.swift; path = ContactShortcutUIView.swift; sourceTree = "<group>"; };
		F71E007A2B27E90E00CB54B3 /* ContactsResponse.swift */ = {isa = PBXFileReference; lastKnownFileType = sourcecode.swift; path = ContactsResponse.swift; sourceTree = "<group>"; };
		F71E007D2B27E99200CB54B3 /* ContactCategory.swift */ = {isa = PBXFileReference; lastKnownFileType = sourcecode.swift; path = ContactCategory.swift; sourceTree = "<group>"; };
		F71E007F2B27EF3E00CB54B3 /* ContactsCategoryUIView.swift */ = {isa = PBXFileReference; lastKnownFileType = sourcecode.swift; path = ContactsCategoryUIView.swift; sourceTree = "<group>"; };
		F71E00812B27F3A400CB54B3 /* ContactsListUIView.swift */ = {isa = PBXFileReference; lastKnownFileType = sourcecode.swift; path = ContactsListUIView.swift; sourceTree = "<group>"; };
		F721DB6A2B26C4A100625D7F /* TncUIView.swift */ = {isa = PBXFileReference; lastKnownFileType = sourcecode.swift; path = TncUIView.swift; sourceTree = "<group>"; };
		F721DB6C2B26C4B500625D7F /* TncViewModel.swift */ = {isa = PBXFileReference; lastKnownFileType = sourcecode.swift; path = TncViewModel.swift; sourceTree = "<group>"; };
		F721DB702B26C60000625D7F /* BaseUIView.swift */ = {isa = PBXFileReference; lastKnownFileType = sourcecode.swift; path = BaseUIView.swift; sourceTree = "<group>"; };
		F721DB722B26E22E00625D7F /* HomeUIView.swift */ = {isa = PBXFileReference; lastKnownFileType = sourcecode.swift; path = HomeUIView.swift; sourceTree = "<group>"; };
		F721DB742B26E35600625D7F /* HomeHeaderUIView.swift */ = {isa = PBXFileReference; lastKnownFileType = sourcecode.swift; path = HomeHeaderUIView.swift; sourceTree = "<group>"; };
		F721DB762B26E6B100625D7F /* HomeMenuUIView.swift */ = {isa = PBXFileReference; lastKnownFileType = sourcecode.swift; path = HomeMenuUIView.swift; sourceTree = "<group>"; };
		F721DB782B26ECFD00625D7F /* MenuItemUIView.swift */ = {isa = PBXFileReference; lastKnownFileType = sourcecode.swift; path = MenuItemUIView.swift; sourceTree = "<group>"; };
		F721DB7A2B26F28700625D7F /* DottedSeparatorUIView.swift */ = {isa = PBXFileReference; lastKnownFileType = sourcecode.swift; path = DottedSeparatorUIView.swift; sourceTree = "<group>"; };
		F721DB7C2B26F34F00625D7F /* HomeMainLinkUIView.swift */ = {isa = PBXFileReference; lastKnownFileType = sourcecode.swift; path = HomeMainLinkUIView.swift; sourceTree = "<group>"; };
		F721DB7E2B26F67700625D7F /* SectionOneUIView.swift */ = {isa = PBXFileReference; lastKnownFileType = sourcecode.swift; path = SectionOneUIView.swift; sourceTree = "<group>"; };
		F721DB802B26F7BC00625D7F /* AppImageUIView.swift */ = {isa = PBXFileReference; lastKnownFileType = sourcecode.swift; path = AppImageUIView.swift; sourceTree = "<group>"; };
		F721DB822B27129300625D7F /* SectionTwoUIView.swift */ = {isa = PBXFileReference; lastKnownFileType = sourcecode.swift; path = SectionTwoUIView.swift; sourceTree = "<group>"; };
		F721DB842B271ED500625D7F /* HomeContactUIView.swift */ = {isa = PBXFileReference; lastKnownFileType = sourcecode.swift; path = HomeContactUIView.swift; sourceTree = "<group>"; };
		F721DB882B272D2C00625D7F /* HomeSocialMediaUIView.swift */ = {isa = PBXFileReference; lastKnownFileType = sourcecode.swift; path = HomeSocialMediaUIView.swift; sourceTree = "<group>"; };
		F721DB8A2B27303100625D7F /* HomeFooterUIView.swift */ = {isa = PBXFileReference; lastKnownFileType = sourcecode.swift; path = HomeFooterUIView.swift; sourceTree = "<group>"; };
		F721DB8C2B273C9300625D7F /* TncModel.swift */ = {isa = PBXFileReference; lastKnownFileType = sourcecode.swift; path = TncModel.swift; sourceTree = "<group>"; };
		F721DB8E2B2752BA00625D7F /* ArticlesUIView.swift */ = {isa = PBXFileReference; lastKnownFileType = sourcecode.swift; path = ArticlesUIView.swift; sourceTree = "<group>"; };
		F721DB902B2752C800625D7F /* ArticlesViewModel.swift */ = {isa = PBXFileReference; lastKnownFileType = sourcecode.swift; path = ArticlesViewModel.swift; sourceTree = "<group>"; };
		F721DB922B27532100625D7F /* WeatherModel.swift */ = {isa = PBXFileReference; lastKnownFileType = sourcecode.swift; path = WeatherModel.swift; sourceTree = "<group>"; };
		F7489F952B27E6480089B832 /* ContactsHeaderUIView.swift */ = {isa = PBXFileReference; lastKnownFileType = sourcecode.swift; path = ContactsHeaderUIView.swift; sourceTree = "<group>"; };
		F79B744A2B2770E600A30667 /* AllMenuUIView.swift */ = {isa = PBXFileReference; lastKnownFileType = sourcecode.swift; path = AllMenuUIView.swift; sourceTree = "<group>"; };
		F79B744C2B27E33100A30667 /* ContactsUIView.swift */ = {isa = PBXFileReference; lastKnownFileType = sourcecode.swift; path = ContactsUIView.swift; sourceTree = "<group>"; };
		F79B744E2B27E34900A30667 /* ContactsViewModel.swift */ = {isa = PBXFileReference; lastKnownFileType = sourcecode.swift; path = ContactsViewModel.swift; sourceTree = "<group>"; };
		F7B838D82B29F721009D1869 /* AppRoute.swift */ = {isa = PBXFileReference; lastKnownFileType = sourcecode.swift; path = AppRoute.swift; sourceTree = "<group>"; };
		F7B838DA2B2A2083009D1869 /* TestSwiftUIView.swift */ = {isa = PBXFileReference; lastKnownFileType = sourcecode.swift; path = TestSwiftUIView.swift; sourceTree = "<group>"; };
/* End PBXFileReference section */

/* Begin PBXFrameworksBuildPhase section */
		C9C7B1022B0DC88A00CE2C2D /* Frameworks */ = {
			isa = PBXFrameworksBuildPhase;
			buildActionMask = 2147483647;
			files = (
			);
			runOnlyForDeploymentPostprocessing = 0;
		};
/* End PBXFrameworksBuildPhase section */

/* Begin PBXGroup section */
		C988E8762B163BF900CDD650 /* Home */ = {
			isa = PBXGroup;
			children = (
				F721DB922B27532100625D7F /* WeatherModel.swift */,
			);
			path = Home;
			sourceTree = "<group>";
		};
		C988E87B2B171B6E00CDD650 /* WebView */ = {
			isa = PBXGroup;
			children = (
				C988E87C2B171B8B00CDD650 /* WebView.swift */,
			);
			name = WebView;
			sourceTree = "<group>";
		};
		C9C7204F2B0F0DD600B5AABA /* Network */ = {
			isa = PBXGroup;
			children = (
				C9C720502B0F0E0100B5AABA /* NetworkHome.swift */,
			);
			name = Network;
			sourceTree = "<group>";
		};
		C9C720532B0F411D00B5AABA /* Home */ = {
			isa = PBXGroup;
			children = (
				C988E87B2B171B6E00CDD650 /* WebView */,
				C9C720542B0F414A00B5AABA /* components */,
				C988E8772B16D3CA00CDD650 /* HomeScreenViewBackup.swift */,
				C988E8792B16D41400CDD650 /* HomeViewModel.swift */,
				F721DB722B26E22E00625D7F /* HomeUIView.swift */,
			);
			path = Home;
			sourceTree = "<group>";
		};
		C9C720542B0F414A00B5AABA /* components */ = {
			isa = PBXGroup;
			children = (
				F721DB742B26E35600625D7F /* HomeHeaderUIView.swift */,
				C9A224882B19CEC3007CEAA5 /* LandmarkRow.swift */,
				C991B04A2B1ED5F900B21CFE /* CarouselItem.swift */,
				F721DB762B26E6B100625D7F /* HomeMenuUIView.swift */,
				F721DB782B26ECFD00625D7F /* MenuItemUIView.swift */,
				F721DB7C2B26F34F00625D7F /* HomeMainLinkUIView.swift */,
				F721DB7E2B26F67700625D7F /* SectionOneUIView.swift */,
				F721DB822B27129300625D7F /* SectionTwoUIView.swift */,
				F721DB842B271ED500625D7F /* HomeContactUIView.swift */,
				F721DB882B272D2C00625D7F /* HomeSocialMediaUIView.swift */,
				F721DB8A2B27303100625D7F /* HomeFooterUIView.swift */,
				F79B744A2B2770E600A30667 /* AllMenuUIView.swift */,
			);
			name = components;
			sourceTree = "<group>";
		};
		C9C7B0FC2B0DC88A00CE2C2D = {
			isa = PBXGroup;
			children = (
				C9C7B1072B0DC88A00CE2C2D /* ikn */,
				C9C7B1062B0DC88A00CE2C2D /* Products */,
			);
			sourceTree = "<group>";
		};
		C9C7B1062B0DC88A00CE2C2D /* Products */ = {
			isa = PBXGroup;
			children = (
				C9C7B1052B0DC88A00CE2C2D /* ikn.app */,
			);
			name = Products;
			sourceTree = "<group>";
		};
		C9C7B1072B0DC88A00CE2C2D /* ikn */ = {
			isa = PBXGroup;
			children = (
				F7B838D72B29F708009D1869 /* Routing */,
				C9E88DBC2B296BB7000B2865 /* Browser */,
				C9C7204F2B0F0DD600B5AABA /* Network */,
				C9C7B1232B0DFAD600CE2C2D /* Screen */,
				C9C7B1222B0DFAB300CE2C2D /* Models */,
				C9C7B1082B0DC88A00CE2C2D /* iknApp.swift */,
				C9C7B10A2B0DC88A00CE2C2D /* ContentView.swift */,
				C9C7B11C2B0DE18300CE2C2D /* DashboardView.swift */,
				C9C7B1182B0DC90600CE2C2D /* SplashScreenView.swift */,
				C9C7B10C2B0DC88C00CE2C2D /* Assets.xcassets */,
				C9C7B10E2B0DC88C00CE2C2D /* Preview Content */,
				F7B838DA2B2A2083009D1869 /* TestSwiftUIView.swift */,
			);
			path = ikn;
			sourceTree = "<group>";
		};
		C9C7B10E2B0DC88C00CE2C2D /* Preview Content */ = {
			isa = PBXGroup;
			children = (
				C9C7B10F2B0DC88C00CE2C2D /* Preview Assets.xcassets */,
			);
			path = "Preview Content";
			sourceTree = "<group>";
		};
		C9C7B1222B0DFAB300CE2C2D /* Models */ = {
			isa = PBXGroup;
			children = (
				C9E88DBE2B299038000B2865 /* Health */,
				F71E007C2B27E97D00CB54B3 /* Contact */,
				F721DB6E2B26C52300625D7F /* TncModel */,
				C988E8762B163BF900CDD650 /* Home */,
				C9C7B11A2B0DE11B00CE2C2D /* MenuItemModel.swift */,
			);
			name = Models;
			sourceTree = "<group>";
		};
		C9C7B1232B0DFAD600CE2C2D /* Screen */ = {
			isa = PBXGroup;
			children = (
				C9E88DC72B29ABC8000B2865 /* Components */,
				C9E88DCF2B29BB36000B2865 /* Healths */,
				F721DB6F2B26C5EB00625D7F /* UIView */,
				F721DB692B26C48A00625D7F /* Tnc */,
				F721DB682B26C47200625D7F /* Articles */,
				F721DB672B26C46400625D7F /* Contacts */,
				C9C720532B0F411D00B5AABA /* Home */,
			);
			name = Screen;
			sourceTree = "<group>";
		};
		C9E88DBC2B296BB7000B2865 /* Browser */ = {
			isa = PBXGroup;
			children = (
			);
			name = Browser;
			sourceTree = "<group>";
		};
		C9E88DBE2B299038000B2865 /* Health */ = {
			isa = PBXGroup;
			children = (
				C9E88DC32B299EEC000B2865 /* HealthsResponse.swift */,
				C9E88DC52B299F1A000B2865 /* HealthCategory.swift */,
			);
			name = Health;
			sourceTree = "<group>";
		};
		C9E88DC72B29ABC8000B2865 /* Components */ = {
			isa = PBXGroup;
			children = (
				C9E88DC92B29AC90000B2865 /* HealthHeaderUIView.swift */,
				C9E88DCB2B29ACEC000B2865 /* HeathCategoryUiView.swift */,
				C9E88DCD2B29ADC5000B2865 /* HealtListUIView.swift */,
			);
			name = Components;
			sourceTree = "<group>";
		};
		C9E88DCF2B29BB36000B2865 /* Healths */ = {
			isa = PBXGroup;
			children = (
				C9E88DC12B2994A4000B2865 /* HealthViewModel.swift */,
				C9E88DBF2B299072000B2865 /* HealthUiView.swift */,
			);
			name = Healths;
			sourceTree = "<group>";
		};
		F71E007C2B27E97D00CB54B3 /* Contact */ = {
			isa = PBXGroup;
			children = (
				F71E007A2B27E90E00CB54B3 /* ContactsResponse.swift */,
				F71E007D2B27E99200CB54B3 /* ContactCategory.swift */,
			);
			path = Contact;
			sourceTree = "<group>";
		};
		F721DB672B26C46400625D7F /* Contacts */ = {
			isa = PBXGroup;
			children = (
				F79B74502B27E34F00A30667 /* Components */,
				F79B744C2B27E33100A30667 /* ContactsUIView.swift */,
				F79B744E2B27E34900A30667 /* ContactsViewModel.swift */,
			);
			path = Contacts;
			sourceTree = "<group>";
		};
		F721DB682B26C47200625D7F /* Articles */ = {
			isa = PBXGroup;
			children = (
				F721DB8E2B2752BA00625D7F /* ArticlesUIView.swift */,
				F721DB902B2752C800625D7F /* ArticlesViewModel.swift */,
			);
			path = Articles;
			sourceTree = "<group>";
		};
		F721DB692B26C48A00625D7F /* Tnc */ = {
			isa = PBXGroup;
			children = (
				F721DB6A2B26C4A100625D7F /* TncUIView.swift */,
				F721DB6C2B26C4B500625D7F /* TncViewModel.swift */,
			);
			path = Tnc;
			sourceTree = "<group>";
		};
		F721DB6E2B26C52300625D7F /* TncModel */ = {
			isa = PBXGroup;
			children = (
				F721DB8C2B273C9300625D7F /* TncModel.swift */,
			);
			path = TncModel;
			sourceTree = "<group>";
		};
		F721DB6F2B26C5EB00625D7F /* UIView */ = {
			isa = PBXGroup;
			children = (
				F721DB702B26C60000625D7F /* BaseUIView.swift */,
				F721DB7A2B26F28700625D7F /* DottedSeparatorUIView.swift */,
				F721DB802B26F7BC00625D7F /* AppImageUIView.swift */,
			);
			path = UIView;
			sourceTree = "<group>";
		};
		F79B74502B27E34F00A30667 /* Components */ = {
			isa = PBXGroup;
			children = (
				F7489F952B27E6480089B832 /* ContactsHeaderUIView.swift */,
				F71E00782B27E8B300CB54B3 /* ContactShortcutUIView.swift */,
				F71E007F2B27EF3E00CB54B3 /* ContactsCategoryUIView.swift */,
				F71E00812B27F3A400CB54B3 /* ContactsListUIView.swift */,
			);
			path = Components;
			sourceTree = "<group>";
		};
		F7B838D72B29F708009D1869 /* Routing */ = {
			isa = PBXGroup;
			children = (
				F7B838D82B29F721009D1869 /* AppRoute.swift */,
			);
			name = Routing;
			sourceTree = "<group>";
		};
/* End PBXGroup section */

/* Begin PBXNativeTarget section */
		C9C7B1042B0DC88A00CE2C2D /* ikn */ = {
			isa = PBXNativeTarget;
			buildConfigurationList = C9C7B1132B0DC88C00CE2C2D /* Build configuration list for PBXNativeTarget "ikn" */;
			buildPhases = (
				C9C7B1012B0DC88A00CE2C2D /* Sources */,
				C9C7B1022B0DC88A00CE2C2D /* Frameworks */,
				C9C7B1032B0DC88A00CE2C2D /* Resources */,
			);
			buildRules = (
			);
			dependencies = (
			);
			name = ikn;
			productName = ikn;
			productReference = C9C7B1052B0DC88A00CE2C2D /* ikn.app */;
			productType = "com.apple.product-type.application";
		};
/* End PBXNativeTarget section */

/* Begin PBXProject section */
		C9C7B0FD2B0DC88A00CE2C2D /* Project object */ = {
			isa = PBXProject;
			attributes = {
				BuildIndependentTargetsInParallel = 1;
				LastSwiftUpdateCheck = 1430;
				LastUpgradeCheck = 1500;
				TargetAttributes = {
					C9C7B1042B0DC88A00CE2C2D = {
						CreatedOnToolsVersion = 14.3;
					};
				};
			};
			buildConfigurationList = C9C7B1002B0DC88A00CE2C2D /* Build configuration list for PBXProject "ikn" */;
			compatibilityVersion = "Xcode 14.0";
			developmentRegion = en;
			hasScannedForEncodings = 0;
			knownRegions = (
				en,
				Base,
			);
			mainGroup = C9C7B0FC2B0DC88A00CE2C2D;
			productRefGroup = C9C7B1062B0DC88A00CE2C2D /* Products */;
			projectDirPath = "";
			projectRoot = "";
			targets = (
				C9C7B1042B0DC88A00CE2C2D /* ikn */,
			);
		};
/* End PBXProject section */

/* Begin PBXResourcesBuildPhase section */
		C9C7B1032B0DC88A00CE2C2D /* Resources */ = {
			isa = PBXResourcesBuildPhase;
			buildActionMask = 2147483647;
			files = (
				C9C7B1102B0DC88C00CE2C2D /* Preview Assets.xcassets in Resources */,
				C9C7B10D2B0DC88C00CE2C2D /* Assets.xcassets in Resources */,
			);
			runOnlyForDeploymentPostprocessing = 0;
		};
/* End PBXResourcesBuildPhase section */

/* Begin PBXSourcesBuildPhase section */
		C9C7B1012B0DC88A00CE2C2D /* Sources */ = {
			isa = PBXSourcesBuildPhase;
			buildActionMask = 2147483647;
			files = (
				F71E00822B27F3A400CB54B3 /* ContactsListUIView.swift in Sources */,
				F721DB792B26ECFD00625D7F /* MenuItemUIView.swift in Sources */,
				F721DB7F2B26F67700625D7F /* SectionOneUIView.swift in Sources */,
				F721DB6B2B26C4A100625D7F /* TncUIView.swift in Sources */,
				C9E88DC02B299072000B2865 /* HealthUiView.swift in Sources */,
				C9E88DCE2B29ADC5000B2865 /* HealtListUIView.swift in Sources */,
				F7B838DB2B2A2083009D1869 /* TestSwiftUIView.swift in Sources */,
				C9C7B10B2B0DC88A00CE2C2D /* ContentView.swift in Sources */,
				F721DB932B27532100625D7F /* WeatherModel.swift in Sources */,
				F721DB732B26E22E00625D7F /* HomeUIView.swift in Sources */,
				C9E88DC42B299EEC000B2865 /* HealthsResponse.swift in Sources */,
				F721DB7D2B26F34F00625D7F /* HomeMainLinkUIView.swift in Sources */,
				F79B744D2B27E33100A30667 /* ContactsUIView.swift in Sources */,
				F71E007E2B27E99200CB54B3 /* ContactCategory.swift in Sources */,
				C991B04B2B1ED5F900B21CFE /* CarouselItem.swift in Sources */,
				C9E88DC62B299F1A000B2865 /* HealthCategory.swift in Sources */,
				C9C7B1092B0DC88A00CE2C2D /* iknApp.swift in Sources */,
				F721DB852B271ED500625D7F /* HomeContactUIView.swift in Sources */,
				F721DB8B2B27303100625D7F /* HomeFooterUIView.swift in Sources */,
				F7489F962B27E6480089B832 /* ContactsHeaderUIView.swift in Sources */,
				C9C7B11D2B0DE18300CE2C2D /* DashboardView.swift in Sources */,
				C9E88DCA2B29AC90000B2865 /* HealthHeaderUIView.swift in Sources */,
				F7B838D92B29F721009D1869 /* AppRoute.swift in Sources */,
				F721DB912B2752C800625D7F /* ArticlesViewModel.swift in Sources */,
				C988E87A2B16D41400CDD650 /* HomeViewModel.swift in Sources */,
				C988E8782B16D3CA00CDD650 /* HomeScreenViewBackup.swift in Sources */,
				C9C7B1192B0DC90600CE2C2D /* SplashScreenView.swift in Sources */,
				C9E88DC22B2994A4000B2865 /* HealthViewModel.swift in Sources */,
				F721DB832B27129300625D7F /* SectionTwoUIView.swift in Sources */,
				F721DB6D2B26C4B500625D7F /* TncViewModel.swift in Sources */,
				F79B744F2B27E34900A30667 /* ContactsViewModel.swift in Sources */,
				F721DB712B26C60000625D7F /* BaseUIView.swift in Sources */,
				C988E87D2B171B8B00CDD650 /* WebView.swift in Sources */,
				C9E88DCC2B29ACEC000B2865 /* HeathCategoryUiView.swift in Sources */,
				F721DB752B26E35600625D7F /* HomeHeaderUIView.swift in Sources */,
				F71E00802B27EF3E00CB54B3 /* ContactsCategoryUIView.swift in Sources */,
				F71E00792B27E8B300CB54B3 /* ContactShortcutUIView.swift in Sources */,
				F721DB8D2B273C9300625D7F /* TncModel.swift in Sources */,
				F721DB772B26E6B100625D7F /* HomeMenuUIView.swift in Sources */,
				F71E007B2B27E90E00CB54B3 /* ContactsResponse.swift in Sources */,
				C9C720512B0F0E0100B5AABA /* NetworkHome.swift in Sources */,
				F721DB812B26F7BC00625D7F /* AppImageUIView.swift in Sources */,
				F721DB7B2B26F28700625D7F /* DottedSeparatorUIView.swift in Sources */,
				C9A224892B19CEC3007CEAA5 /* LandmarkRow.swift in Sources */,
				F79B744B2B2770E600A30667 /* AllMenuUIView.swift in Sources */,
				C9C7B11B2B0DE11B00CE2C2D /* MenuItemModel.swift in Sources */,
				F721DB892B272D2C00625D7F /* HomeSocialMediaUIView.swift in Sources */,
				F721DB8F2B2752BA00625D7F /* ArticlesUIView.swift in Sources */,
			);
			runOnlyForDeploymentPostprocessing = 0;
		};
/* End PBXSourcesBuildPhase section */

/* Begin XCBuildConfiguration section */
		C9C7B1112B0DC88C00CE2C2D /* Debug */ = {
			isa = XCBuildConfiguration;
			buildSettings = {
				ALWAYS_SEARCH_USER_PATHS = NO;
				ASSETCATALOG_COMPILER_GENERATE_SWIFT_ASSET_SYMBOL_EXTENSIONS = YES;
				CLANG_ANALYZER_NONNULL = YES;
				CLANG_ANALYZER_NUMBER_OBJECT_CONVERSION = YES_AGGRESSIVE;
				CLANG_CXX_LANGUAGE_STANDARD = "gnu++20";
				CLANG_ENABLE_MODULES = YES;
				CLANG_ENABLE_OBJC_ARC = YES;
				CLANG_ENABLE_OBJC_WEAK = YES;
				CLANG_WARN_BLOCK_CAPTURE_AUTORELEASING = YES;
				CLANG_WARN_BOOL_CONVERSION = YES;
				CLANG_WARN_COMMA = YES;
				CLANG_WARN_CONSTANT_CONVERSION = YES;
				CLANG_WARN_DEPRECATED_OBJC_IMPLEMENTATIONS = YES;
				CLANG_WARN_DIRECT_OBJC_ISA_USAGE = YES_ERROR;
				CLANG_WARN_DOCUMENTATION_COMMENTS = YES;
				CLANG_WARN_EMPTY_BODY = YES;
				CLANG_WARN_ENUM_CONVERSION = YES;
				CLANG_WARN_INFINITE_RECURSION = YES;
				CLANG_WARN_INT_CONVERSION = YES;
				CLANG_WARN_NON_LITERAL_NULL_CONVERSION = YES;
				CLANG_WARN_OBJC_IMPLICIT_RETAIN_SELF = YES;
				CLANG_WARN_OBJC_LITERAL_CONVERSION = YES;
				CLANG_WARN_OBJC_ROOT_CLASS = YES_ERROR;
				CLANG_WARN_QUOTED_INCLUDE_IN_FRAMEWORK_HEADER = YES;
				CLANG_WARN_RANGE_LOOP_ANALYSIS = YES;
				CLANG_WARN_STRICT_PROTOTYPES = YES;
				CLANG_WARN_SUSPICIOUS_MOVE = YES;
				CLANG_WARN_UNGUARDED_AVAILABILITY = YES_AGGRESSIVE;
				CLANG_WARN_UNREACHABLE_CODE = YES;
				CLANG_WARN__DUPLICATE_METHOD_MATCH = YES;
				COPY_PHASE_STRIP = NO;
				DEBUG_INFORMATION_FORMAT = dwarf;
				ENABLE_STRICT_OBJC_MSGSEND = YES;
				ENABLE_TESTABILITY = YES;
				ENABLE_USER_SCRIPT_SANDBOXING = YES;
				GCC_C_LANGUAGE_STANDARD = gnu11;
				GCC_DYNAMIC_NO_PIC = NO;
				GCC_NO_COMMON_BLOCKS = YES;
				GCC_OPTIMIZATION_LEVEL = 0;
				GCC_PREPROCESSOR_DEFINITIONS = (
					"DEBUG=1",
					"$(inherited)",
				);
				GCC_WARN_64_TO_32_BIT_CONVERSION = YES;
				GCC_WARN_ABOUT_RETURN_TYPE = YES_ERROR;
				GCC_WARN_UNDECLARED_SELECTOR = YES;
				GCC_WARN_UNINITIALIZED_AUTOS = YES_AGGRESSIVE;
				GCC_WARN_UNUSED_FUNCTION = YES;
				GCC_WARN_UNUSED_VARIABLE = YES;
				IPHONEOS_DEPLOYMENT_TARGET = 16.4;
				MTL_ENABLE_DEBUG_INFO = INCLUDE_SOURCE;
				MTL_FAST_MATH = YES;
				ONLY_ACTIVE_ARCH = YES;
				SDKROOT = iphoneos;
				SWIFT_ACTIVE_COMPILATION_CONDITIONS = DEBUG;
				SWIFT_OPTIMIZATION_LEVEL = "-Onone";
			};
			name = Debug;
		};
		C9C7B1122B0DC88C00CE2C2D /* Release */ = {
			isa = XCBuildConfiguration;
			buildSettings = {
				ALWAYS_SEARCH_USER_PATHS = NO;
				ASSETCATALOG_COMPILER_GENERATE_SWIFT_ASSET_SYMBOL_EXTENSIONS = YES;
				CLANG_ANALYZER_NONNULL = YES;
				CLANG_ANALYZER_NUMBER_OBJECT_CONVERSION = YES_AGGRESSIVE;
				CLANG_CXX_LANGUAGE_STANDARD = "gnu++20";
				CLANG_ENABLE_MODULES = YES;
				CLANG_ENABLE_OBJC_ARC = YES;
				CLANG_ENABLE_OBJC_WEAK = YES;
				CLANG_WARN_BLOCK_CAPTURE_AUTORELEASING = YES;
				CLANG_WARN_BOOL_CONVERSION = YES;
				CLANG_WARN_COMMA = YES;
				CLANG_WARN_CONSTANT_CONVERSION = YES;
				CLANG_WARN_DEPRECATED_OBJC_IMPLEMENTATIONS = YES;
				CLANG_WARN_DIRECT_OBJC_ISA_USAGE = YES_ERROR;
				CLANG_WARN_DOCUMENTATION_COMMENTS = YES;
				CLANG_WARN_EMPTY_BODY = YES;
				CLANG_WARN_ENUM_CONVERSION = YES;
				CLANG_WARN_INFINITE_RECURSION = YES;
				CLANG_WARN_INT_CONVERSION = YES;
				CLANG_WARN_NON_LITERAL_NULL_CONVERSION = YES;
				CLANG_WARN_OBJC_IMPLICIT_RETAIN_SELF = YES;
				CLANG_WARN_OBJC_LITERAL_CONVERSION = YES;
				CLANG_WARN_OBJC_ROOT_CLASS = YES_ERROR;
				CLANG_WARN_QUOTED_INCLUDE_IN_FRAMEWORK_HEADER = YES;
				CLANG_WARN_RANGE_LOOP_ANALYSIS = YES;
				CLANG_WARN_STRICT_PROTOTYPES = YES;
				CLANG_WARN_SUSPICIOUS_MOVE = YES;
				CLANG_WARN_UNGUARDED_AVAILABILITY = YES_AGGRESSIVE;
				CLANG_WARN_UNREACHABLE_CODE = YES;
				CLANG_WARN__DUPLICATE_METHOD_MATCH = YES;
				COPY_PHASE_STRIP = NO;
				DEBUG_INFORMATION_FORMAT = "dwarf-with-dsym";
				ENABLE_NS_ASSERTIONS = NO;
				ENABLE_STRICT_OBJC_MSGSEND = YES;
				ENABLE_USER_SCRIPT_SANDBOXING = YES;
				GCC_C_LANGUAGE_STANDARD = gnu11;
				GCC_NO_COMMON_BLOCKS = YES;
				GCC_WARN_64_TO_32_BIT_CONVERSION = YES;
				GCC_WARN_ABOUT_RETURN_TYPE = YES_ERROR;
				GCC_WARN_UNDECLARED_SELECTOR = YES;
				GCC_WARN_UNINITIALIZED_AUTOS = YES_AGGRESSIVE;
				GCC_WARN_UNUSED_FUNCTION = YES;
				GCC_WARN_UNUSED_VARIABLE = YES;
				IPHONEOS_DEPLOYMENT_TARGET = 16.4;
				MTL_ENABLE_DEBUG_INFO = NO;
				MTL_FAST_MATH = YES;
				SDKROOT = iphoneos;
				SWIFT_COMPILATION_MODE = wholemodule;
				SWIFT_OPTIMIZATION_LEVEL = "-O";
				VALIDATE_PRODUCT = YES;
			};
			name = Release;
		};
		C9C7B1142B0DC88C00CE2C2D /* Debug */ = {
			isa = XCBuildConfiguration;
			buildSettings = {
				ASSETCATALOG_COMPILER_APPICON_NAME = AppIcon;
				ASSETCATALOG_COMPILER_GLOBAL_ACCENT_COLOR_NAME = AccentColor;
				CODE_SIGN_STYLE = Automatic;
				CURRENT_PROJECT_VERSION = 1;
				DEVELOPMENT_ASSET_PATHS = "\"ikn/Preview Content\"";
				DEVELOPMENT_TEAM = GW42C65689;
				ENABLE_PREVIEWS = YES;
				GENERATE_INFOPLIST_FILE = YES;
				INFOPLIST_KEY_CFBundleDisplayName = "IKN Smart City";
				INFOPLIST_KEY_LSApplicationCategoryType = "public.app-category.news";
				INFOPLIST_KEY_UIApplicationSceneManifest_Generation = YES;
				INFOPLIST_KEY_UIApplicationSupportsIndirectInputEvents = YES;
				INFOPLIST_KEY_UILaunchScreen_Generation = YES;
				INFOPLIST_KEY_UISupportedInterfaceOrientations_iPad = "UIInterfaceOrientationPortrait UIInterfaceOrientationPortraitUpsideDown UIInterfaceOrientationLandscapeLeft UIInterfaceOrientationLandscapeRight";
				INFOPLIST_KEY_UISupportedInterfaceOrientations_iPhone = "UIInterfaceOrientationPortrait UIInterfaceOrientationLandscapeLeft UIInterfaceOrientationLandscapeRight";
				LD_RUNPATH_SEARCH_PATHS = (
					"$(inherited)",
					"@executable_path/Frameworks",
				);
				MARKETING_VERSION = 1.0;
				PRODUCT_BUNDLE_IDENTIFIER = id.ikn.smartcity;
				PRODUCT_NAME = "$(TARGET_NAME)";
				SWIFT_EMIT_LOC_STRINGS = YES;
				SWIFT_VERSION = 5.0;
				TARGETED_DEVICE_FAMILY = "1,2";
			};
			name = Debug;
		};
		C9C7B1152B0DC88C00CE2C2D /* Release */ = {
			isa = XCBuildConfiguration;
			buildSettings = {
				ASSETCATALOG_COMPILER_APPICON_NAME = AppIcon;
				ASSETCATALOG_COMPILER_GLOBAL_ACCENT_COLOR_NAME = AccentColor;
				CODE_SIGN_STYLE = Automatic;
				CURRENT_PROJECT_VERSION = 1;
				DEVELOPMENT_ASSET_PATHS = "\"ikn/Preview Content\"";
				DEVELOPMENT_TEAM = GW42C65689;
				ENABLE_PREVIEWS = YES;
				GENERATE_INFOPLIST_FILE = YES;
				INFOPLIST_KEY_CFBundleDisplayName = "IKN Smart City";
				INFOPLIST_KEY_LSApplicationCategoryType = "public.app-category.news";
				INFOPLIST_KEY_UIApplicationSceneManifest_Generation = YES;
				INFOPLIST_KEY_UIApplicationSupportsIndirectInputEvents = YES;
				INFOPLIST_KEY_UILaunchScreen_Generation = YES;
				INFOPLIST_KEY_UISupportedInterfaceOrientations_iPad = "UIInterfaceOrientationPortrait UIInterfaceOrientationPortraitUpsideDown UIInterfaceOrientationLandscapeLeft UIInterfaceOrientationLandscapeRight";
				INFOPLIST_KEY_UISupportedInterfaceOrientations_iPhone = "UIInterfaceOrientationPortrait UIInterfaceOrientationLandscapeLeft UIInterfaceOrientationLandscapeRight";
				LD_RUNPATH_SEARCH_PATHS = (
					"$(inherited)",
					"@executable_path/Frameworks",
				);
				MARKETING_VERSION = 1.0;
				PRODUCT_BUNDLE_IDENTIFIER = id.ikn.smartcity;
				PRODUCT_NAME = "$(TARGET_NAME)";
				SWIFT_EMIT_LOC_STRINGS = YES;
				SWIFT_VERSION = 5.0;
				TARGETED_DEVICE_FAMILY = "1,2";
			};
			name = Release;
		};
/* End XCBuildConfiguration section */

/* Begin XCConfigurationList section */
		C9C7B1002B0DC88A00CE2C2D /* Build configuration list for PBXProject "ikn" */ = {
			isa = XCConfigurationList;
			buildConfigurations = (
				C9C7B1112B0DC88C00CE2C2D /* Debug */,
				C9C7B1122B0DC88C00CE2C2D /* Release */,
			);
			defaultConfigurationIsVisible = 0;
			defaultConfigurationName = Release;
		};
		C9C7B1132B0DC88C00CE2C2D /* Build configuration list for PBXNativeTarget "ikn" */ = {
			isa = XCConfigurationList;
			buildConfigurations = (
				C9C7B1142B0DC88C00CE2C2D /* Debug */,
				C9C7B1152B0DC88C00CE2C2D /* Release */,
			);
			defaultConfigurationIsVisible = 0;
			defaultConfigurationName = Release;
		};
/* End XCConfigurationList section */
	};
	rootObject = C9C7B0FD2B0DC88A00CE2C2D /* Project object */;
}
